
Microsoft Visual Studio Solution File, Format Version 12.00
# Visual Studio Version 17
VisualStudioVersion = 17.3.32819.101
MinimumVisualStudioVersion = 10.0.40219.1
Project("{9A19103F-16F7-4668-BE54-9A1E7A4F7556}") = "CodingWiki_Web", "CodingWiki_Web\CodingWiki_Web.csproj", "{78C1CBA8-2FFA-4D76-9538-0FE12E968D8D}"
EndProject
Project("{9A19103F-16F7-4668-BE54-9A1E7A4F7556}") = "CodingWiki_DataAccess", "CodingWiki_DataAccess\CodingWiki_DataAccess.csproj", "{A615F7F6-62AB-41C5-A34F-09C737086A91}"
EndProject
Project("{9A19103F-16F7-4668-BE54-9A1E7A4F7556}") = "CodingWiki_Model", "CodingWiki_Model\CodingWiki_Model.csproj", "{94154C81-332B-4892-BF73-AFFD62301E85}"
EndProject
Project("{FAE04EC0-301F-11D3-BF4B-00C04F79EFBC}") = "CodingWiki_Console", "CodingWiki_Console\CodingWiki_Console.csproj", "{EBFE69C2-9780-4344-A4E2-FF669E9460B7}"
EndProject
Global
	GlobalSection(SolutionConfigurationPlatforms) = preSolution
		Debug|Any CPU = Debug|Any CPU
		Release|Any CPU = Release|Any CPU
	EndGlobalSection
	GlobalSection(ProjectConfigurationPlatforms) = postSolution
		{78C1CBA8-2FFA-4D76-9538-0FE12E968D8D}.Debug|Any CPU.ActiveCfg = Debug|Any CPU
		{78C1CBA8-2FFA-4D76-9538-0FE12E968D8D}.Debug|Any CPU.Build.0 = Debug|Any CPU
		{78C1CBA8-2FFA-4D76-9538-0FE12E968D8D}.Release|Any CPU.ActiveCfg = Release|Any CPU
		{78C1CBA8-2FFA-4D76-9538-0FE12E968D8D}.Release|Any CPU.Build.0 = Release|Any CPU
		{A615F7F6-62AB-41C5-A34F-09C737086A91}.Debug|Any CPU.ActiveCfg = Debug|Any CPU
		{A615F7F6-62AB-41C5-A34F-09C737086A91}.Debug|Any CPU.Build.0 = Debug|Any CPU
		{A615F7F6-62AB-41C5-A34F-09C737086A91}.Release|Any CPU.ActiveCfg = Release|Any CPU
		{A615F7F6-62AB-41C5-A34F-09C737086A91}.Release|Any CPU.Build.0 = Release|Any CPU
		{94154C81-332B-4892-BF73-AFFD62301E85}.Debug|Any CPU.ActiveCfg = Debug|Any CPU
		{94154C81-332B-4892-BF73-AFFD62301E85}.Debug|Any CPU.Build.0 = Debug|Any CPU
		{94154C81-332B-4892-BF73-AFFD62301E85}.Release|Any CPU.ActiveCfg = Release|Any CPU
		{94154C81-332B-4892-BF73-AFFD62301E85}.Release|Any CPU.Build.0 = Release|Any CPU
		{EBFE69C2-9780-4344-A4E2-FF669E9460B7}.Debug|Any CPU.ActiveCfg = Debug|Any CPU
		{EBFE69C2-9780-4344-A4E2-FF669E9460B7}.Debug|Any CPU.Build.0 = Debug|Any CPU
		{EBFE69C2-9780-4344-A4E2-FF669E9460B7}.Release|Any CPU.ActiveCfg = Release|Any CPU
		{EBFE69C2-9780-4344-A4E2-FF669E9460B7}.Release|Any CPU.Build.0 = Release|Any CPU
	EndGlobalSection
	GlobalSection(SolutionProperties) = preSolution
		HideSolutionNode = FALSE
	EndGlobalSection
	GlobalSection(ExtensibilityGlobals) = postSolution
		SolutionGuid = {3E826287-7AA9-4CD3-99B3-AFE52FD71247}
	EndGlobalSection
EndGlobal
